
Microsoft Visual Studio Solution File, Format Version 12.00
# Visual Studio 14
VisualStudioVersion = 14.0.23107.0
MinimumVisualStudioVersion = 10.0.40219.1
Project("{FAE04EC0-301F-11D3-BF4B-00C04F79EFBC}") = "Forum.Models", "Forum.Models\Forum.Models.csproj", "{7F5F06EC-4516-4486-B923-A2F9D2D56DC3}"
EndProject
Project("{FAE04EC0-301F-11D3-BF4B-00C04F79EFBC}") = "Forum.Data", "Forum.Data\Forum.Data.csproj", "{A13FB759-159B-4218-9164-894AEB71F6AE}"
EndProject
Project("{FAE04EC0-301F-11D3-BF4B-00C04F79EFBC}") = "Forum.WebApi", "Forum.WebApi\Forum.WebApi.csproj", "{EE8E644F-BAA8-47E5-AA68-5011B5DFF5BE}"
EndProject
Project("{FAE04EC0-301F-11D3-BF4B-00C04F79EFBC}") = "Forum.WebApi.Tests", "Forum.WebApi.Tests\Forum.WebApi.Tests.csproj", "{E5D4E0D7-8FB4-47A9-AE96-3D93E9B0523F}"
EndProject
Global
	GlobalSection(SolutionConfigurationPlatforms) = preSolution
		Debug|Any CPU = Debug|Any CPU
		Release|Any CPU = Release|Any CPU
	EndGlobalSection
	GlobalSection(ProjectConfigurationPlatforms) = postSolution
		{7F5F06EC-4516-4486-B923-A2F9D2D56DC3}.Debug|Any CPU.ActiveCfg = Debug|Any CPU
		{7F5F06EC-4516-4486-B923-A2F9D2D56DC3}.Debug|Any CPU.Build.0 = Debug|Any CPU
		{7F5F06EC-4516-4486-B923-A2F9D2D56DC3}.Release|Any CPU.ActiveCfg = Release|Any CPU
		{7F5F06EC-4516-4486-B923-A2F9D2D56DC3}.Release|Any CPU.Build.0 = Release|Any CPU
		{A13FB759-159B-4218-9164-894AEB71F6AE}.Debug|Any CPU.ActiveCfg = Debug|Any CPU
		{A13FB759-159B-4218-9164-894AEB71F6AE}.Debug|Any CPU.Build.0 = Debug|Any CPU
		{A13FB759-159B-4218-9164-894AEB71F6AE}.Release|Any CPU.ActiveCfg = Release|Any CPU
		{A13FB759-159B-4218-9164-894AEB71F6AE}.Release|Any CPU.Build.0 = Release|Any CPU
		{EE8E644F-BAA8-47E5-AA68-5011B5DFF5BE}.Debug|Any CPU.ActiveCfg = Debug|Any CPU
		{EE8E644F-BAA8-47E5-AA68-5011B5DFF5BE}.Debug|Any CPU.Build.0 = Debug|Any CPU
		{EE8E644F-BAA8-47E5-AA68-5011B5DFF5BE}.Release|Any CPU.ActiveCfg = Release|Any CPU
		{EE8E644F-BAA8-47E5-AA68-5011B5DFF5BE}.Release|Any CPU.Build.0 = Release|Any CPU
		{E5D4E0D7-8FB4-47A9-AE96-3D93E9B0523F}.Debug|Any CPU.ActiveCfg = Debug|Any CPU
		{E5D4E0D7-8FB4-47A9-AE96-3D93E9B0523F}.Debug|Any CPU.Build.0 = Debug|Any CPU
		{E5D4E0D7-8FB4-47A9-AE96-3D93E9B0523F}.Release|Any CPU.ActiveCfg = Release|Any CPU
		{E5D4E0D7-8FB4-47A9-AE96-3D93E9B0523F}.Release|Any CPU.Build.0 = Release|Any CPU
	EndGlobalSection
	GlobalSection(SolutionProperties) = preSolution
		HideSolutionNode = FALSE
	EndGlobalSection
EndGlobal
