
Microsoft Visual Studio Solution File, Format Version 12.00
# Visual Studio 2013
VisualStudioVersion = 12.0.30501.0
MinimumVisualStudioVersion = 10.0.40219.1
Project("{FAE04EC0-301F-11D3-BF4B-00C04F79EFBC}") = "Decorator", "Samples\Decorator.csproj", "{06529A6F-8DAC-4D81-BA9A-D59666CF4D1E}"
EndProject
Project("{FAE04EC0-301F-11D3-BF4B-00C04F79EFBC}") = "FactorryMethod", "FactorryMethod\FactorryMethod.csproj", "{1FF66D89-44D4-4A95-B863-375F12587A35}"
EndProject
Project("{FAE04EC0-301F-11D3-BF4B-00C04F79EFBC}") = "Visitor", "Visitor\Visitor.csproj", "{EC601C01-8882-485A-A3CC-51144FEB586D}"
EndProject
Global
	GlobalSection(SolutionConfigurationPlatforms) = preSolution
		Debug|Any CPU = Debug|Any CPU
		Release|Any CPU = Release|Any CPU
	EndGlobalSection
	GlobalSection(ProjectConfigurationPlatforms) = postSolution
		{06529A6F-8DAC-4D81-BA9A-D59666CF4D1E}.Debug|Any CPU.ActiveCfg = Debug|Any CPU
		{06529A6F-8DAC-4D81-BA9A-D59666CF4D1E}.Debug|Any CPU.Build.0 = Debug|Any CPU
		{06529A6F-8DAC-4D81-BA9A-D59666CF4D1E}.Release|Any CPU.ActiveCfg = Release|Any CPU
		{06529A6F-8DAC-4D81-BA9A-D59666CF4D1E}.Release|Any CPU.Build.0 = Release|Any CPU
		{1FF66D89-44D4-4A95-B863-375F12587A35}.Debug|Any CPU.ActiveCfg = Debug|Any CPU
		{1FF66D89-44D4-4A95-B863-375F12587A35}.Debug|Any CPU.Build.0 = Debug|Any CPU
		{1FF66D89-44D4-4A95-B863-375F12587A35}.Release|Any CPU.ActiveCfg = Release|Any CPU
		{1FF66D89-44D4-4A95-B863-375F12587A35}.Release|Any CPU.Build.0 = Release|Any CPU
		{EC601C01-8882-485A-A3CC-51144FEB586D}.Debug|Any CPU.ActiveCfg = Debug|Any CPU
		{EC601C01-8882-485A-A3CC-51144FEB586D}.Debug|Any CPU.Build.0 = Debug|Any CPU
		{EC601C01-8882-485A-A3CC-51144FEB586D}.Release|Any CPU.ActiveCfg = Release|Any CPU
		{EC601C01-8882-485A-A3CC-51144FEB586D}.Release|Any CPU.Build.0 = Release|Any CPU
	EndGlobalSection
	GlobalSection(SolutionProperties) = preSolution
		HideSolutionNode = FALSE
	EndGlobalSection
EndGlobal
