
Microsoft Visual Studio Solution File, Format Version 12.00
# Visual Studio 2013
VisualStudioVersion = 12.0.21005.1
MinimumVisualStudioVersion = 10.0.40219.1
Project("{FAE04EC0-301F-11D3-BF4B-00C04F79EFBC}") = "Game", "Game\Game.csproj", "{9BBE9F97-B598-4D85-A130-B035660D1A38}"
EndProject
Global
	GlobalSection(TeamFoundationVersionControl) = preSolution
		SccNumberOfProjects = 2
		SccEnterpriseProvider = {4CA58AB2-18FA-4F8D-95D4-32DDF27D184C}
		SccTeamFoundationServer = https://tfs.codeplex.com/tfs/tfs24
		SccLocalPath0 = .
		SccProjectUniqueName1 = Game\\Game.csproj
		SccProjectName1 = Game
		SccLocalPath1 = Game
	EndGlobalSection
	GlobalSection(SolutionConfigurationPlatforms) = preSolution
		Debug|Any CPU = Debug|Any CPU
		Release|Any CPU = Release|Any CPU
	EndGlobalSection
	GlobalSection(ProjectConfigurationPlatforms) = postSolution
		{9BBE9F97-B598-4D85-A130-B035660D1A38}.Debug|Any CPU.ActiveCfg = Debug|Any CPU
		{9BBE9F97-B598-4D85-A130-B035660D1A38}.Debug|Any CPU.Build.0 = Debug|Any CPU
		{9BBE9F97-B598-4D85-A130-B035660D1A38}.Release|Any CPU.ActiveCfg = Release|Any CPU
		{9BBE9F97-B598-4D85-A130-B035660D1A38}.Release|Any CPU.Build.0 = Release|Any CPU
	EndGlobalSection
	GlobalSection(SolutionProperties) = preSolution
		HideSolutionNode = FALSE
	EndGlobalSection
EndGlobal
