
Microsoft Visual Studio Solution File, Format Version 12.00
# Visual Studio 2013
VisualStudioVersion = 12.0.30110.0
MinimumVisualStudioVersion = 10.0.40219.1
Project("{FAE04EC0-301F-11D3-BF4B-00C04F79EFBC}") = "01. School", "TheSchool\01. School.csproj", "{AA695EBD-A1AD-45E3-AB60-BF095F35AC5D}"
EndProject
Project("{FAE04EC0-301F-11D3-BF4B-00C04F79EFBC}") = "02. People", "People\02. People.csproj", "{0E377197-3234-4B41-8A88-EB490847C1CC}"
EndProject
Project("{FAE04EC0-301F-11D3-BF4B-00C04F79EFBC}") = "03. Zoo", "Zoo\03. Zoo.csproj", "{E413EA26-0F52-4B7E-A580-71252AF56FE4}"
EndProject
Global
	GlobalSection(SolutionConfigurationPlatforms) = preSolution
		Debug|Any CPU = Debug|Any CPU
		Release|Any CPU = Release|Any CPU
	EndGlobalSection
	GlobalSection(ProjectConfigurationPlatforms) = postSolution
		{AA695EBD-A1AD-45E3-AB60-BF095F35AC5D}.Debug|Any CPU.ActiveCfg = Debug|Any CPU
		{AA695EBD-A1AD-45E3-AB60-BF095F35AC5D}.Debug|Any CPU.Build.0 = Debug|Any CPU
		{AA695EBD-A1AD-45E3-AB60-BF095F35AC5D}.Release|Any CPU.ActiveCfg = Release|Any CPU
		{AA695EBD-A1AD-45E3-AB60-BF095F35AC5D}.Release|Any CPU.Build.0 = Release|Any CPU
		{0E377197-3234-4B41-8A88-EB490847C1CC}.Debug|Any CPU.ActiveCfg = Debug|Any CPU
		{0E377197-3234-4B41-8A88-EB490847C1CC}.Debug|Any CPU.Build.0 = Debug|Any CPU
		{0E377197-3234-4B41-8A88-EB490847C1CC}.Release|Any CPU.ActiveCfg = Release|Any CPU
		{0E377197-3234-4B41-8A88-EB490847C1CC}.Release|Any CPU.Build.0 = Release|Any CPU
		{E413EA26-0F52-4B7E-A580-71252AF56FE4}.Debug|Any CPU.ActiveCfg = Debug|Any CPU
		{E413EA26-0F52-4B7E-A580-71252AF56FE4}.Debug|Any CPU.Build.0 = Debug|Any CPU
		{E413EA26-0F52-4B7E-A580-71252AF56FE4}.Release|Any CPU.ActiveCfg = Release|Any CPU
		{E413EA26-0F52-4B7E-A580-71252AF56FE4}.Release|Any CPU.Build.0 = Release|Any CPU
	EndGlobalSection
	GlobalSection(SolutionProperties) = preSolution
		HideSolutionNode = FALSE
	EndGlobalSection
EndGlobal
