
Microsoft Visual Studio Solution File, Format Version 12.00
# Visual Studio 2013
VisualStudioVersion = 12.0.31101.0
MinimumVisualStudioVersion = 10.0.40219.1
Project("{FAE04EC0-301F-11D3-BF4B-00C04F79EFBC}") = "MoblePhones", "MoblePhones\MoblePhones.csproj", "{918BEA8D-DA64-4452-865B-2F271CEB1AC7}"
EndProject
Project("{FAE04EC0-301F-11D3-BF4B-00C04F79EFBC}") = "CallsTest", "CallsTest\CallsTest.csproj", "{7CE61D82-B7C3-4DA6-B0AF-7A496AE9A8D1}"
EndProject
Project("{FAE04EC0-301F-11D3-BF4B-00C04F79EFBC}") = "MobilePhoneTest", "MobilePhoneTest\MobilePhoneTest.csproj", "{82C63711-ED73-4050-B7EE-9DEB7934B3F4}"
EndProject
Global
	GlobalSection(SolutionConfigurationPlatforms) = preSolution
		Debug|Any CPU = Debug|Any CPU
		Release|Any CPU = Release|Any CPU
	EndGlobalSection
	GlobalSection(ProjectConfigurationPlatforms) = postSolution
		{918BEA8D-DA64-4452-865B-2F271CEB1AC7}.Debug|Any CPU.ActiveCfg = Debug|Any CPU
		{918BEA8D-DA64-4452-865B-2F271CEB1AC7}.Debug|Any CPU.Build.0 = Debug|Any CPU
		{918BEA8D-DA64-4452-865B-2F271CEB1AC7}.Release|Any CPU.ActiveCfg = Release|Any CPU
		{918BEA8D-DA64-4452-865B-2F271CEB1AC7}.Release|Any CPU.Build.0 = Release|Any CPU
		{7CE61D82-B7C3-4DA6-B0AF-7A496AE9A8D1}.Debug|Any CPU.ActiveCfg = Debug|Any CPU
		{7CE61D82-B7C3-4DA6-B0AF-7A496AE9A8D1}.Debug|Any CPU.Build.0 = Debug|Any CPU
		{7CE61D82-B7C3-4DA6-B0AF-7A496AE9A8D1}.Release|Any CPU.ActiveCfg = Release|Any CPU
		{7CE61D82-B7C3-4DA6-B0AF-7A496AE9A8D1}.Release|Any CPU.Build.0 = Release|Any CPU
		{82C63711-ED73-4050-B7EE-9DEB7934B3F4}.Debug|Any CPU.ActiveCfg = Debug|Any CPU
		{82C63711-ED73-4050-B7EE-9DEB7934B3F4}.Debug|Any CPU.Build.0 = Debug|Any CPU
		{82C63711-ED73-4050-B7EE-9DEB7934B3F4}.Release|Any CPU.ActiveCfg = Release|Any CPU
		{82C63711-ED73-4050-B7EE-9DEB7934B3F4}.Release|Any CPU.Build.0 = Release|Any CPU
	EndGlobalSection
	GlobalSection(SolutionProperties) = preSolution
		HideSolutionNode = FALSE
	EndGlobalSection
EndGlobal
