
Microsoft Visual Studio Solution File, Format Version 12.00
# Visual Studio Version 16
VisualStudioVersion = 16.0.32106.194
MinimumVisualStudioVersion = 10.0.40219.1
Project("{FAE04EC0-301F-11D3-BF4B-00C04F79EFBC}") = "05.Warhead", "05. Warhead\05.Warhead.csproj", "{A4540474-E330-4072-A9EE-6D1C8025E538}"
EndProject
Project("{FAE04EC0-301F-11D3-BF4B-00C04F79EFBC}") = "02.TheHorror", "02. TheHorror\02.TheHorror.csproj", "{7030682C-5D59-4DC0-9F87-CD215B1BF9BF}"
EndProject
Project("{9A19103F-16F7-4668-BE54-9A1E7A4F7556}") = "03.Expression", "03.Expression\03.Expression.csproj", "{28B1DBC1-F143-43CF-BA91-09EC86EE410B}"
EndProject
Project("{FAE04EC0-301F-11D3-BF4B-00C04F79EFBC}") = "04.DiamondTrolls", "04. DiamondTrolls\04.DiamondTrolls.csproj", "{184E8D06-CD7E-49B8-968A-80D85A308C06}"
EndProject
Project("{FAE04EC0-301F-11D3-BF4B-00C04F79EFBC}") = "01.ThreeSixNine", "01. ThreeSixNine\01.ThreeSixNine.csproj", "{C08F9164-745C-4770-8C15-B9825024BB57}"
EndProject
Global
	GlobalSection(SolutionConfigurationPlatforms) = preSolution
		Debug|Any CPU = Debug|Any CPU
		Release|Any CPU = Release|Any CPU
	EndGlobalSection
	GlobalSection(ProjectConfigurationPlatforms) = postSolution
		{A4540474-E330-4072-A9EE-6D1C8025E538}.Debug|Any CPU.ActiveCfg = Debug|Any CPU
		{A4540474-E330-4072-A9EE-6D1C8025E538}.Debug|Any CPU.Build.0 = Debug|Any CPU
		{A4540474-E330-4072-A9EE-6D1C8025E538}.Release|Any CPU.ActiveCfg = Release|Any CPU
		{A4540474-E330-4072-A9EE-6D1C8025E538}.Release|Any CPU.Build.0 = Release|Any CPU
		{7030682C-5D59-4DC0-9F87-CD215B1BF9BF}.Debug|Any CPU.ActiveCfg = Debug|Any CPU
		{7030682C-5D59-4DC0-9F87-CD215B1BF9BF}.Debug|Any CPU.Build.0 = Debug|Any CPU
		{7030682C-5D59-4DC0-9F87-CD215B1BF9BF}.Release|Any CPU.ActiveCfg = Release|Any CPU
		{7030682C-5D59-4DC0-9F87-CD215B1BF9BF}.Release|Any CPU.Build.0 = Release|Any CPU
		{28B1DBC1-F143-43CF-BA91-09EC86EE410B}.Debug|Any CPU.ActiveCfg = Debug|Any CPU
		{28B1DBC1-F143-43CF-BA91-09EC86EE410B}.Debug|Any CPU.Build.0 = Debug|Any CPU
		{28B1DBC1-F143-43CF-BA91-09EC86EE410B}.Release|Any CPU.ActiveCfg = Release|Any CPU
		{28B1DBC1-F143-43CF-BA91-09EC86EE410B}.Release|Any CPU.Build.0 = Release|Any CPU
		{184E8D06-CD7E-49B8-968A-80D85A308C06}.Debug|Any CPU.ActiveCfg = Debug|Any CPU
		{184E8D06-CD7E-49B8-968A-80D85A308C06}.Debug|Any CPU.Build.0 = Debug|Any CPU
		{184E8D06-CD7E-49B8-968A-80D85A308C06}.Release|Any CPU.ActiveCfg = Release|Any CPU
		{184E8D06-CD7E-49B8-968A-80D85A308C06}.Release|Any CPU.Build.0 = Release|Any CPU
		{C08F9164-745C-4770-8C15-B9825024BB57}.Debug|Any CPU.ActiveCfg = Debug|Any CPU
		{C08F9164-745C-4770-8C15-B9825024BB57}.Debug|Any CPU.Build.0 = Debug|Any CPU
		{C08F9164-745C-4770-8C15-B9825024BB57}.Release|Any CPU.ActiveCfg = Release|Any CPU
		{C08F9164-745C-4770-8C15-B9825024BB57}.Release|Any CPU.Build.0 = Release|Any CPU
	EndGlobalSection
	GlobalSection(SolutionProperties) = preSolution
		HideSolutionNode = FALSE
	EndGlobalSection
	GlobalSection(ExtensibilityGlobals) = postSolution
		SolutionGuid = {3121D3C6-2777-4447-B933-9D22BD7E3AF0}
	EndGlobalSection
EndGlobal
