
Microsoft Visual Studio Solution File, Format Version 12.00
# Visual Studio 14
VisualStudioVersion = 14.0.24720.0
MinimumVisualStudioVersion = 10.0.40219.1
Project("{FAE04EC0-301F-11D3-BF4B-00C04F79EFBC}") = "TheBigCatProject.Server", "TheBigCatProject.Server\TheBigCatProject.Server.csproj", "{C681824C-EAD1-4FC6-896E-F61975C950D0}"
EndProject
Project("{FAE04EC0-301F-11D3-BF4B-00C04F79EFBC}") = "TheBigCatProject.Client", "TheBigCatProject.Client\TheBigCatProject.Client.csproj", "{8E7C2D77-F910-44A4-A82A-10B8E94D7F9F}"
EndProject
Global
	GlobalSection(SolutionConfigurationPlatforms) = preSolution
		Debug|Any CPU = Debug|Any CPU
		Release|Any CPU = Release|Any CPU
	EndGlobalSection
	GlobalSection(ProjectConfigurationPlatforms) = postSolution
		{C681824C-EAD1-4FC6-896E-F61975C950D0}.Debug|Any CPU.ActiveCfg = Debug|Any CPU
		{C681824C-EAD1-4FC6-896E-F61975C950D0}.Debug|Any CPU.Build.0 = Debug|Any CPU
		{C681824C-EAD1-4FC6-896E-F61975C950D0}.Release|Any CPU.ActiveCfg = Release|Any CPU
		{C681824C-EAD1-4FC6-896E-F61975C950D0}.Release|Any CPU.Build.0 = Release|Any CPU
		{8E7C2D77-F910-44A4-A82A-10B8E94D7F9F}.Debug|Any CPU.ActiveCfg = Debug|Any CPU
		{8E7C2D77-F910-44A4-A82A-10B8E94D7F9F}.Debug|Any CPU.Build.0 = Debug|Any CPU
		{8E7C2D77-F910-44A4-A82A-10B8E94D7F9F}.Release|Any CPU.ActiveCfg = Release|Any CPU
		{8E7C2D77-F910-44A4-A82A-10B8E94D7F9F}.Release|Any CPU.Build.0 = Release|Any CPU
	EndGlobalSection
	GlobalSection(SolutionProperties) = preSolution
		HideSolutionNode = FALSE
	EndGlobalSection
EndGlobal
