
Microsoft Visual Studio Solution File, Format Version 12.00
# Visual Studio 14
VisualStudioVersion = 14.0.24720.0
MinimumVisualStudioVersion = 10.0.40219.1
Project("{FAE04EC0-301F-11D3-BF4B-00C04F79EFBC}") = "01. Hello", "Hello\01. Hello.csproj", "{CBB1E9AF-F097-4257-9D5C-C6964896643D}"
EndProject
Project("{FAE04EC0-301F-11D3-BF4B-00C04F79EFBC}") = "02. WebForms", "WebForms\02. WebForms.csproj", "{6482E2A1-3C4B-44A8-A68C-48CE64C1E909}"
EndProject
Project("{FAE04EC0-301F-11D3-BF4B-00C04F79EFBC}") = "03. Events", "Events\03. Events.csproj", "{9E10E0C0-A058-41C4-80A9-9C50867272FA}"
EndProject
Global
	GlobalSection(SolutionConfigurationPlatforms) = preSolution
		Debug|Any CPU = Debug|Any CPU
		Release|Any CPU = Release|Any CPU
	EndGlobalSection
	GlobalSection(ProjectConfigurationPlatforms) = postSolution
		{CBB1E9AF-F097-4257-9D5C-C6964896643D}.Debug|Any CPU.ActiveCfg = Debug|Any CPU
		{CBB1E9AF-F097-4257-9D5C-C6964896643D}.Debug|Any CPU.Build.0 = Debug|Any CPU
		{CBB1E9AF-F097-4257-9D5C-C6964896643D}.Release|Any CPU.ActiveCfg = Release|Any CPU
		{CBB1E9AF-F097-4257-9D5C-C6964896643D}.Release|Any CPU.Build.0 = Release|Any CPU
		{6482E2A1-3C4B-44A8-A68C-48CE64C1E909}.Debug|Any CPU.ActiveCfg = Debug|Any CPU
		{6482E2A1-3C4B-44A8-A68C-48CE64C1E909}.Debug|Any CPU.Build.0 = Debug|Any CPU
		{6482E2A1-3C4B-44A8-A68C-48CE64C1E909}.Release|Any CPU.ActiveCfg = Release|Any CPU
		{6482E2A1-3C4B-44A8-A68C-48CE64C1E909}.Release|Any CPU.Build.0 = Release|Any CPU
		{9E10E0C0-A058-41C4-80A9-9C50867272FA}.Debug|Any CPU.ActiveCfg = Debug|Any CPU
		{9E10E0C0-A058-41C4-80A9-9C50867272FA}.Debug|Any CPU.Build.0 = Debug|Any CPU
		{9E10E0C0-A058-41C4-80A9-9C50867272FA}.Release|Any CPU.ActiveCfg = Release|Any CPU
		{9E10E0C0-A058-41C4-80A9-9C50867272FA}.Release|Any CPU.Build.0 = Release|Any CPU
	EndGlobalSection
	GlobalSection(SolutionProperties) = preSolution
		HideSolutionNode = FALSE
	EndGlobalSection
EndGlobal
