
Microsoft Visual Studio Solution File, Format Version 12.00
# Visual Studio 14
VisualStudioVersion = 14.0.24720.0
MinimumVisualStudioVersion = 10.0.40219.1
Project("{9092AA53-FB77-4645-B42D-1CCCA6BD08BD}") = "Exam", "Exam.njsproj", "{7E2F1A0E-1930-4DA9-88A3-E94A700B43EC}"
EndProject
Global
	GlobalSection(SolutionConfigurationPlatforms) = preSolution
		Debug|Any CPU = Debug|Any CPU
		Release|Any CPU = Release|Any CPU
	EndGlobalSection
	GlobalSection(ProjectConfigurationPlatforms) = postSolution
		{7E2F1A0E-1930-4DA9-88A3-E94A700B43EC}.Debug|Any CPU.ActiveCfg = Debug|Any CPU
		{7E2F1A0E-1930-4DA9-88A3-E94A700B43EC}.Debug|Any CPU.Build.0 = Debug|Any CPU
		{7E2F1A0E-1930-4DA9-88A3-E94A700B43EC}.Release|Any CPU.ActiveCfg = Release|Any CPU
		{7E2F1A0E-1930-4DA9-88A3-E94A700B43EC}.Release|Any CPU.Build.0 = Release|Any CPU
	EndGlobalSection
	GlobalSection(SolutionProperties) = preSolution
		HideSolutionNode = FALSE
	EndGlobalSection
EndGlobal
